Microsoft Visual Studio Solution File, Format Version 12.00
# Visual Studio Version 17
VisualStudioVersion = 17.12.35527.113
MinimumVisualStudioVersion = 10.0.40219.1
Project("{FAE04EC0-301F-11D3-BF4B-00C04F79EFBC}") = "AgroFieldGuardAI.AppHost", "AgroAISearch.AppHost\AgroFieldGuardAI.AppHost.csproj", "{FC1CF332-7398-4882-89B9-D8BC8B00211D}"
EndProject
Project("{FAE04EC0-301F-11D3-BF4B-00C04F79EFBC}") = "AgroAISearch.ServiceDefaults", "AgroAISearch.ServiceDefaults\AgroAISearch.ServiceDefaults.csproj", "{3091410E-C0A4-4758-A4D8-ADBAAAC58B08}"
EndProject
Project("{FAE04EC0-301F-11D3-BF4B-00C04F79EFBC}") = "hackaton-mutua-agro", "BackEnd\hackaton-mutua-agro.csproj", "{68BD2B9B-DAD9-4B45-9880-D7B5E1179A06}"
EndProject
Global
	GlobalSection(SolutionConfigurationPlatforms) = preSolution
		Debug|Any CPU = Debug|Any CPU
		Release|Any CPU = Release|Any CPU
	EndGlobalSection
	GlobalSection(ProjectConfigurationPlatforms) = postSolution
		{FC1CF332-7398-4882-89B9-D8BC8B00211D}.Debug|Any CPU.ActiveCfg = Debug|Any CPU
		{FC1CF332-7398-4882-89B9-D8BC8B00211D}.Debug|Any CPU.Build.0 = Debug|Any CPU
		{FC1CF332-7398-4882-89B9-D8BC8B00211D}.Release|Any CPU.ActiveCfg = Release|Any CPU
		{FC1CF332-7398-4882-89B9-D8BC8B00211D}.Release|Any CPU.Build.0 = Release|Any CPU
		{3091410E-C0A4-4758-A4D8-ADBAAAC58B08}.Debug|Any CPU.ActiveCfg = Debug|Any CPU
		{3091410E-C0A4-4758-A4D8-ADBAAAC58B08}.Debug|Any CPU.Build.0 = Debug|Any CPU
		{3091410E-C0A4-4758-A4D8-ADBAAAC58B08}.Release|Any CPU.ActiveCfg = Release|Any CPU
		{3091410E-C0A4-4758-A4D8-ADBAAAC58B08}.Release|Any CPU.Build.0 = Release|Any CPU
		{68BD2B9B-DAD9-4B45-9880-D7B5E1179A06}.Debug|Any CPU.ActiveCfg = Debug|Any CPU
		{68BD2B9B-DAD9-4B45-9880-D7B5E1179A06}.Debug|Any CPU.Build.0 = Debug|Any CPU
		{68BD2B9B-DAD9-4B45-9880-D7B5E1179A06}.Release|Any CPU.ActiveCfg = Release|Any CPU
		{68BD2B9B-DAD9-4B45-9880-D7B5E1179A06}.Release|Any CPU.Build.0 = Release|Any CPU
	EndGlobalSection
	GlobalSection(SolutionProperties) = preSolution
		HideSolutionNode = FALSE
	EndGlobalSection
EndGlobal
